
Microsoft Visual Studio Solution File, Format Version 12.00
# Visual Studio Version 16
VisualStudioVersion = 16.0.30002.166
MinimumVisualStudioVersion = 10.0.40219.1
Project("{9A19103F-16F7-4668-BE54-9A1E7A4F7556}") = "Lodging.Models.Tests", "Lodging.Model.Tests\Lodging.Models.Tests.csproj", "{6AAAC983-A461-405A-97DD-23D5452306D1}"
EndProject
Project("{9A19103F-16F7-4668-BE54-9A1E7A4F7556}") = "Lodging.Models", "Lodging.Models\Lodging.Models.csproj", "{512F67E8-FB6F-4225-AE91-A073BDD68A66}"
EndProject
Project("{9A19103F-16F7-4668-BE54-9A1E7A4F7556}") = "Lodging.DataAccess.Tests", "Lodging.DataAccess.Tests\Lodging.DataAccess.Tests.csproj", "{5914D45B-64C3-4348-AB57-E44985DF1DC9}"
	ProjectSection(ProjectDependencies) = postProject
		{F2C4678A-F627-4C40-92D8-1E7B3465E868} = {F2C4678A-F627-4C40-92D8-1E7B3465E868}
		{512F67E8-FB6F-4225-AE91-A073BDD68A66} = {512F67E8-FB6F-4225-AE91-A073BDD68A66}
	EndProjectSection
EndProject
Project("{9A19103F-16F7-4668-BE54-9A1E7A4F7556}") = "Lodging.DataAccess", "Lodging.DataAccess\Lodging.DataAccess.csproj", "{F2C4678A-F627-4C40-92D8-1E7B3465E868}"
EndProject
Global
	GlobalSection(SolutionConfigurationPlatforms) = preSolution
		Debug|Any CPU = Debug|Any CPU
		Release|Any CPU = Release|Any CPU
	EndGlobalSection
	GlobalSection(ProjectConfigurationPlatforms) = postSolution
		{6AAAC983-A461-405A-97DD-23D5452306D1}.Debug|Any CPU.ActiveCfg = Debug|Any CPU
		{6AAAC983-A461-405A-97DD-23D5452306D1}.Debug|Any CPU.Build.0 = Debug|Any CPU
		{6AAAC983-A461-405A-97DD-23D5452306D1}.Release|Any CPU.ActiveCfg = Release|Any CPU
		{6AAAC983-A461-405A-97DD-23D5452306D1}.Release|Any CPU.Build.0 = Release|Any CPU
		{512F67E8-FB6F-4225-AE91-A073BDD68A66}.Debug|Any CPU.ActiveCfg = Debug|Any CPU
		{512F67E8-FB6F-4225-AE91-A073BDD68A66}.Debug|Any CPU.Build.0 = Debug|Any CPU
		{512F67E8-FB6F-4225-AE91-A073BDD68A66}.Release|Any CPU.ActiveCfg = Release|Any CPU
		{512F67E8-FB6F-4225-AE91-A073BDD68A66}.Release|Any CPU.Build.0 = Release|Any CPU
		{5914D45B-64C3-4348-AB57-E44985DF1DC9}.Debug|Any CPU.ActiveCfg = Debug|Any CPU
		{5914D45B-64C3-4348-AB57-E44985DF1DC9}.Debug|Any CPU.Build.0 = Debug|Any CPU
		{5914D45B-64C3-4348-AB57-E44985DF1DC9}.Release|Any CPU.ActiveCfg = Release|Any CPU
		{5914D45B-64C3-4348-AB57-E44985DF1DC9}.Release|Any CPU.Build.0 = Release|Any CPU
		{F2C4678A-F627-4C40-92D8-1E7B3465E868}.Debug|Any CPU.ActiveCfg = Debug|Any CPU
		{F2C4678A-F627-4C40-92D8-1E7B3465E868}.Debug|Any CPU.Build.0 = Debug|Any CPU
		{F2C4678A-F627-4C40-92D8-1E7B3465E868}.Release|Any CPU.ActiveCfg = Release|Any CPU
		{F2C4678A-F627-4C40-92D8-1E7B3465E868}.Release|Any CPU.Build.0 = Release|Any CPU
	EndGlobalSection
	GlobalSection(SolutionProperties) = preSolution
		HideSolutionNode = FALSE
	EndGlobalSection
	GlobalSection(ExtensibilityGlobals) = postSolution
		SolutionGuid = {74D91CE8-1BEE-4091-84FC-AFC1C5E4BF47}
	EndGlobalSection
EndGlobal
